
Microsoft Visual Studio Solution File, Format Version 12.00
# Visual Studio 15
VisualStudioVersion = 15.0.28307.960
MinimumVisualStudioVersion = 10.0.40219.1
Project("{8BC9CEB8-8B4A-11D0-8D11-00A0C91BC942}") = "server", "server\server.vcxproj", "{AC541CF7-14B9-465F-87C7-66F3AD0145F7}"
EndProject
Project("{8BC9CEB8-8B4A-11D0-8D11-00A0C91BC942}") = "client", "client\client.vcxproj", "{806374FB-99F9-4BEF-B8A6-7D394B538777}"
EndProject
Project("{8BC9CEB8-8B4A-11D0-8D11-00A0C91BC942}") = "Memory", "Memory\Memory.vcxproj", "{F1726669-7953-4643-B161-F1B98E8336AF}"
EndProject
Project("{2150E333-8FDC-42A3-9474-1A3956D46DE8}") = "include", "include", "{E10CEE43-3962-46DE-9036-CFD6C54E7F68}"
	ProjectSection(SolutionItems) = preProject
		depends\include\Cell.hpp = depends\include\Cell.hpp
		depends\include\CellBuffer.hpp = depends\include\CellBuffer.hpp
		depends\include\CellClient.hpp = depends\include\CellClient.hpp
		depends\include\CellLog.hpp = depends\include\CellLog.hpp
		depends\include\CellNetWork.hpp = depends\include\CellNetWork.hpp
		depends\include\CellSemaphore.hpp = depends\include\CellSemaphore.hpp
		depends\include\CellServer.hpp = depends\include\CellServer.hpp
		depends\include\CellStream.hpp = depends\include\CellStream.hpp
		depends\include\CellTask.hpp = depends\include\CellTask.hpp
		depends\include\CellThread.hpp = depends\include\CellThread.hpp
		depends\include\CellTimestame.hpp = depends\include\CellTimestame.hpp
		depends\include\EasyTcpClient.hpp = depends\include\EasyTcpClient.hpp
		depends\include\EasyTcpServer.hpp = depends\include\EasyTcpServer.hpp
		depends\include\INetEvent.hpp = depends\include\INetEvent.hpp
		depends\include\MessageHeader.hpp = depends\include\MessageHeader.hpp
	EndProjectSection
EndProject
Project("{8BC9CEB8-8B4A-11D0-8D11-00A0C91BC942}") = "HelloSocket", "HelloSocket\HelloSocket.vcxproj", "{FA922A3F-F5D5-41D2-89D7-9DE3D2E0368A}"
EndProject
Global
	GlobalSection(SolutionConfigurationPlatforms) = preSolution
		Debug|x64 = Debug|x64
		Debug|x86 = Debug|x86
		Release|x64 = Release|x64
		Release|x86 = Release|x86
	EndGlobalSection
	GlobalSection(ProjectConfigurationPlatforms) = postSolution
		{AC541CF7-14B9-465F-87C7-66F3AD0145F7}.Debug|x64.ActiveCfg = Debug|x64
		{AC541CF7-14B9-465F-87C7-66F3AD0145F7}.Debug|x64.Build.0 = Debug|x64
		{AC541CF7-14B9-465F-87C7-66F3AD0145F7}.Debug|x86.ActiveCfg = Debug|Win32
		{AC541CF7-14B9-465F-87C7-66F3AD0145F7}.Debug|x86.Build.0 = Debug|Win32
		{AC541CF7-14B9-465F-87C7-66F3AD0145F7}.Release|x64.ActiveCfg = Release|x64
		{AC541CF7-14B9-465F-87C7-66F3AD0145F7}.Release|x64.Build.0 = Release|x64
		{AC541CF7-14B9-465F-87C7-66F3AD0145F7}.Release|x86.ActiveCfg = Release|Win32
		{AC541CF7-14B9-465F-87C7-66F3AD0145F7}.Release|x86.Build.0 = Release|Win32
		{806374FB-99F9-4BEF-B8A6-7D394B538777}.Debug|x64.ActiveCfg = Debug|x64
		{806374FB-99F9-4BEF-B8A6-7D394B538777}.Debug|x64.Build.0 = Debug|x64
		{806374FB-99F9-4BEF-B8A6-7D394B538777}.Debug|x86.ActiveCfg = Debug|Win32
		{806374FB-99F9-4BEF-B8A6-7D394B538777}.Debug|x86.Build.0 = Debug|Win32
		{806374FB-99F9-4BEF-B8A6-7D394B538777}.Release|x64.ActiveCfg = Release|x64
		{806374FB-99F9-4BEF-B8A6-7D394B538777}.Release|x64.Build.0 = Release|x64
		{806374FB-99F9-4BEF-B8A6-7D394B538777}.Release|x86.ActiveCfg = Release|Win32
		{806374FB-99F9-4BEF-B8A6-7D394B538777}.Release|x86.Build.0 = Release|Win32
		{F1726669-7953-4643-B161-F1B98E8336AF}.Debug|x64.ActiveCfg = Debug|x64
		{F1726669-7953-4643-B161-F1B98E8336AF}.Debug|x64.Build.0 = Debug|x64
		{F1726669-7953-4643-B161-F1B98E8336AF}.Debug|x86.ActiveCfg = Debug|Win32
		{F1726669-7953-4643-B161-F1B98E8336AF}.Debug|x86.Build.0 = Debug|Win32
		{F1726669-7953-4643-B161-F1B98E8336AF}.Release|x64.ActiveCfg = Release|x64
		{F1726669-7953-4643-B161-F1B98E8336AF}.Release|x64.Build.0 = Release|x64
		{F1726669-7953-4643-B161-F1B98E8336AF}.Release|x86.ActiveCfg = Release|Win32
		{F1726669-7953-4643-B161-F1B98E8336AF}.Release|x86.Build.0 = Release|Win32
		{FA922A3F-F5D5-41D2-89D7-9DE3D2E0368A}.Debug|x64.ActiveCfg = Debug|x64
		{FA922A3F-F5D5-41D2-89D7-9DE3D2E0368A}.Debug|x64.Build.0 = Debug|x64
		{FA922A3F-F5D5-41D2-89D7-9DE3D2E0368A}.Debug|x86.ActiveCfg = Debug|Win32
		{FA922A3F-F5D5-41D2-89D7-9DE3D2E0368A}.Debug|x86.Build.0 = Debug|Win32
		{FA922A3F-F5D5-41D2-89D7-9DE3D2E0368A}.Release|x64.ActiveCfg = Release|x64
		{FA922A3F-F5D5-41D2-89D7-9DE3D2E0368A}.Release|x64.Build.0 = Release|x64
		{FA922A3F-F5D5-41D2-89D7-9DE3D2E0368A}.Release|x86.ActiveCfg = Release|Win32
		{FA922A3F-F5D5-41D2-89D7-9DE3D2E0368A}.Release|x86.Build.0 = Release|Win32
	EndGlobalSection
	GlobalSection(SolutionProperties) = preSolution
		HideSolutionNode = FALSE
	EndGlobalSection
	GlobalSection(ExtensibilityGlobals) = postSolution
		SolutionGuid = {97DA39D9-8552-4B0D-ADC1-B7F58386A3EF}
	EndGlobalSection
	GlobalSection(Performance) = preSolution
		HasPerformanceSessions = true
	EndGlobalSection
EndGlobal
